
Microsoft Visual Studio Solution File, Format Version 12.00
# Visual Studio Version 17
VisualStudioVersion = 17.13.35818.85 d17.13
MinimumVisualStudioVersion = 10.0.40219.1
Project("{8BC9CEB8-8B4A-11D0-8D11-00A0C91BC942}") = "day03", "day03.vcxproj", "{41F55E50-F869-4C15-8BE7-FCD3DAC8B86F}"
EndProject
Global
	GlobalSection(SolutionConfigurationPlatforms) = preSolution
		Debug|x64 = Debug|x64
		Debug|x86 = Debug|x86
		Release|x64 = Release|x64
		Release|x86 = Release|x86
	EndGlobalSection
	GlobalSection(ProjectConfigurationPlatforms) = postSolution
		{41F55E50-F869-4C15-8BE7-FCD3DAC8B86F}.Debug|x64.ActiveCfg = Debug|x64
		{41F55E50-F869-4C15-8BE7-FCD3DAC8B86F}.Debug|x64.Build.0 = Debug|x64
		{41F55E50-F869-4C15-8BE7-FCD3DAC8B86F}.Debug|x86.ActiveCfg = Debug|Win32
		{41F55E50-F869-4C15-8BE7-FCD3DAC8B86F}.Debug|x86.Build.0 = Debug|Win32
		{41F55E50-F869-4C15-8BE7-FCD3DAC8B86F}.Release|x64.ActiveCfg = Release|x64
		{41F55E50-F869-4C15-8BE7-FCD3DAC8B86F}.Release|x64.Build.0 = Release|x64
		{41F55E50-F869-4C15-8BE7-FCD3DAC8B86F}.Release|x86.ActiveCfg = Release|Win32
		{41F55E50-F869-4C15-8BE7-FCD3DAC8B86F}.Release|x86.Build.0 = Release|Win32
	EndGlobalSection
	GlobalSection(SolutionProperties) = preSolution
		HideSolutionNode = FALSE
	EndGlobalSection
	GlobalSection(ExtensibilityGlobals) = postSolution
		SolutionGuid = {48C076BB-8550-4737-A1CE-40365E78D3DD}
	EndGlobalSection
EndGlobal
