
Microsoft Visual Studio Solution File, Format Version 12.00
# Visual Studio Version 17
VisualStudioVersion = 17.13.35818.85 d17.13
MinimumVisualStudioVersion = 10.0.40219.1
Project("{8BC9CEB8-8B4A-11D0-8D11-00A0C91BC942}") = "day06", "day06.vcxproj", "{B0C46331-659A-4B56-ACEA-F4368565E439}"
EndProject
Global
	GlobalSection(SolutionConfigurationPlatforms) = preSolution
		Debug|x64 = Debug|x64
		Debug|x86 = Debug|x86
		Release|x64 = Release|x64
		Release|x86 = Release|x86
	EndGlobalSection
	GlobalSection(ProjectConfigurationPlatforms) = postSolution
		{B0C46331-659A-4B56-ACEA-F4368565E439}.Debug|x64.ActiveCfg = Debug|x64
		{B0C46331-659A-4B56-ACEA-F4368565E439}.Debug|x64.Build.0 = Debug|x64
		{B0C46331-659A-4B56-ACEA-F4368565E439}.Debug|x86.ActiveCfg = Debug|Win32
		{B0C46331-659A-4B56-ACEA-F4368565E439}.Debug|x86.Build.0 = Debug|Win32
		{B0C46331-659A-4B56-ACEA-F4368565E439}.Release|x64.ActiveCfg = Release|x64
		{B0C46331-659A-4B56-ACEA-F4368565E439}.Release|x64.Build.0 = Release|x64
		{B0C46331-659A-4B56-ACEA-F4368565E439}.Release|x86.ActiveCfg = Release|Win32
		{B0C46331-659A-4B56-ACEA-F4368565E439}.Release|x86.Build.0 = Release|Win32
	EndGlobalSection
	GlobalSection(SolutionProperties) = preSolution
		HideSolutionNode = FALSE
	EndGlobalSection
	GlobalSection(ExtensibilityGlobals) = postSolution
		SolutionGuid = {9FFE6092-88DD-4DF3-B57F-5F9462B3E99D}
	EndGlobalSection
EndGlobal
